
Microsoft Visual Studio Solution File, Format Version 12.00
# Visual Studio Version 17
VisualStudioVersion = 17.6.33829.357
MinimumVisualStudioVersion = 10.0.40219.1
Project("{FAE04EC0-301F-11D3-BF4B-00C04F79EFBC}") = "02.MarketDesktopApp", "02.MarketDesktopApp.csproj", "{F89645F7-FA30-48BC-8AF0-A4FE2E3075D9}"
EndProject
Global
	GlobalSection(SolutionConfigurationPlatforms) = preSolution
		Debug|Any CPU = Debug|Any CPU
		Release|Any CPU = Release|Any CPU
	EndGlobalSection
	GlobalSection(ProjectConfigurationPlatforms) = postSolution
		{F89645F7-FA30-48BC-8AF0-A4FE2E3075D9}.Debug|Any CPU.ActiveCfg = Debug|Any CPU
		{F89645F7-FA30-48BC-8AF0-A4FE2E3075D9}.Debug|Any CPU.Build.0 = Debug|Any CPU
		{F89645F7-FA30-48BC-8AF0-A4FE2E3075D9}.Release|Any CPU.ActiveCfg = Release|Any CPU
		{F89645F7-FA30-48BC-8AF0-A4FE2E3075D9}.Release|Any CPU.Build.0 = Release|Any CPU
	EndGlobalSection
	GlobalSection(SolutionProperties) = preSolution
		HideSolutionNode = FALSE
	EndGlobalSection
	GlobalSection(ExtensibilityGlobals) = postSolution
		SolutionGuid = {511A5FC0-AE54-4429-AC94-0036953333A5}
	EndGlobalSection
EndGlobal
